{
    "_readme": [
        "This file locks the dependencies of your project to a known state",
        "Read more about it at https://getcomposer.org/doc/01-basic-usage.md#installing-dependencies",
        "This file is @generated automatically"
    ],
    "content-hash": "906967ff74188945e6310d5fb6a6729b",
    "packages": [
        {
            "name": "monolog/monolog",
            "version": "2.0.1",
            "source": {
                "type": "git",
                "url": "https://github.com/Seldaek/monolog.git",
                "reference": "f9d56fd2f5533322caccdfcddbb56aedd622ef1c"
            },
            "dist": {
                "type": "zip",
                "url": "https://api.github.com/repos/Seldaek/monolog/zipball/f9d56fd2f5533322caccdfcddbb56aedd622ef1c",
                "reference": "f9d56fd2f5533322caccdfcddbb56aedd622ef1c",
                "shasum": ""
            },
            "require": {
                "php": "^7.2",
                "psr/log": "^1.0.1"
            },
            "provide": {
                "psr/log-implementation": "1.0.0"
            },
            "require-dev": {
                "aws/aws-sdk-php": "^2.4.9 || ^3.0",
                "doctrine/couchdb": "~1.0@dev",
                "elasticsearch/elasticsearch": "^6.0",
                "graylog2/gelf-php": "^1.4.2",
                "jakub-onderka/php-parallel-lint": "^0.9",
                "php-amqplib/php-amqplib": "~2.4",
                "php-console/php-console": "^3.1.3",
                "phpspec/prophecy": "^1.6.1",
                "phpunit/phpunit": "^8.3",
                "predis/predis": "^1.1",
                "rollbar/rollbar": "^1.3",
                "ruflin/elastica": ">=0.90 <3.0",
                "swiftmailer/swiftmailer": "^5.3|^6.0"
            },
            "suggest": {
                "aws/aws-sdk-php": "Allow sending log messages to AWS services like DynamoDB",
                "doctrine/couchdb": "Allow sending log messages to a CouchDB server",
                "elasticsearch/elasticsearch": "Allow sending log messages to an Elasticsearch server via official client",
                "ext-amqp": "Allow sending log messages to an AMQP server (1.0+ required)",
                "ext-mbstring": "Allow to work properly with unicode symbols",
                "ext-mongodb": "Allow sending log messages to a MongoDB server (via driver)",
                "graylog2/gelf-php": "Allow sending log messages to a GrayLog2 server",
                "mongodb/mongodb": "Allow sending log messages to a MongoDB server (via library)",
                "php-amqplib/php-amqplib": "Allow sending log messages to an AMQP server using php-amqplib",
                "php-console/php-console": "Allow sending log messages to Google Chrome",
                "rollbar/rollbar": "Allow sending log messages to Rollbar",
                "ruflin/elastica": "Allow sending log messages to an Elastic Search server"
            },
            "type": "library",
            "extra": {
                "branch-alias": {
                    "dev-master": "2.x-dev"
                }
            },
            "autoload": {
                "psr-4": {
                    "Monolog\\": "src/Monolog"
                }
            },
            "notification-url": "https://packagist.org/downloads/",
            "license": [
                "MIT"
            ],
            "authors": [
                {
                    "name": "Jordi Boggiano",
                    "email": "j.boggiano@seld.be",
                    "homepage": "http://seld.be"
                }
            ],
            "description": "Sends your logs to files, sockets, inboxes, databases and various web services",
            "homepage": "http://github.com/Seldaek/monolog",
            "keywords": [
                "log",
                "logging",
                "psr-3"
            ],
            "time": "2019-11-13T10:27:43+00:00"
        },
        {
            "name": "nezamy/route",
            "version": "v1.2.6",
            "source": {
                "type": "git",
                "url": "https://github.com/nezamy/route.git",
                "reference": "8a5050b028ee39b383a949058a35baa284f396a0"
            },
            "dist": {
                "type": "zip",
                "url": "https://api.github.com/repos/nezamy/route/zipball/8a5050b028ee39b383a949058a35baa284f396a0",
                "reference": "8a5050b028ee39b383a949058a35baa284f396a0",
                "shasum": ""
            },
            "require": {
                "nezamy/support": "1.0.*",
                "php": ">=5.4.0"
            },
            "type": "library",
            "autoload": {
                "psr-4": {
                    "System\\": "system"
                },
                "files": [
                    "system/function.php"
                ]
            },
            "notification-url": "https://packagist.org/downloads/",
            "license": [
                "MIT"
            ],
            "authors": [
                {
                    "name": "Mahmoud Elnezamy",
                    "email": "mahmoud@nezamy.com",
                    "homepage": "http://nezamy.com",
                    "role": "Full Stack Web Developer"
                }
            ],
            "description": "Route - Fast, flexible routing for PHP, enabling you to quickly and easily build RESTful web applications.",
            "homepage": "https://nezamy.com/route",
            "keywords": [
                "api",
                "justframework",
                "restful",
                "route"
            ],
            "time": "2019-05-25T21:09:03+00:00"
        },
        {
            "name": "nezamy/support",
            "version": "v1.0.1",
            "source": {
                "type": "git",
                "url": "https://github.com/nezamy/support.git",
                "reference": "8803292708fbfa857bdd056c9b9dc883adc51414"
            },
            "dist": {
                "type": "zip",
                "url": "https://api.github.com/repos/nezamy/support/zipball/8803292708fbfa857bdd056c9b9dc883adc51414",
                "reference": "8803292708fbfa857bdd056c9b9dc883adc51414",
                "shasum": ""
            },
            "type": "library",
            "autoload": {
                "psr-4": {
                    "System\\Support\\": ""
                }
            },
            "notification-url": "https://packagist.org/downloads/",
            "license": [
                "MIT"
            ],
            "authors": [
                {
                    "name": "Mahmoud Elnezamy",
                    "email": "mahmoud@nezamy.com",
                    "homepage": "http://nezamy.com",
                    "role": "Full Stack Web Developer"
                }
            ],
            "description": "Support",
            "homepage": "https://github.com/nezamy/support",
            "keywords": [
                "framework",
                "justframework",
                "micro",
                "support"
            ],
            "time": "2018-06-04T14:53:46+00:00"
        },
        {
            "name": "psr/log",
            "version": "1.1.2",
            "source": {
                "type": "git",
                "url": "https://github.com/php-fig/log.git",
                "reference": "446d54b4cb6bf489fc9d75f55843658e6f25d801"
            },
            "dist": {
                "type": "zip",
                "url": "https://api.github.com/repos/php-fig/log/zipball/446d54b4cb6bf489fc9d75f55843658e6f25d801",
                "reference": "446d54b4cb6bf489fc9d75f55843658e6f25d801",
                "shasum": ""
            },
            "require": {
                "php": ">=5.3.0"
            },
            "type": "library",
            "extra": {
                "branch-alias": {
                    "dev-master": "1.1.x-dev"
                }
            },
            "autoload": {
                "psr-4": {
                    "Psr\\Log\\": "Psr/Log/"
                }
            },
            "notification-url": "https://packagist.org/downloads/",
            "license": [
                "MIT"
            ],
            "authors": [
                {
                    "name": "PHP-FIG",
                    "homepage": "http://www.php-fig.org/"
                }
            ],
            "description": "Common interface for logging libraries",
            "homepage": "https://github.com/php-fig/log",
            "keywords": [
                "log",
                "psr",
                "psr-3"
            ],
            "time": "2019-11-01T11:05:21+00:00"
        }
    ],
    "packages-dev": [],
    "aliases": [],
    "minimum-stability": "stable",
    "stability-flags": [],
    "prefer-stable": false,
    "prefer-lowest": false,
    "platform": [],
    "platform-dev": []
}
